// !$*UTF8*$!
{
	archiveVersion = 1;
	classes = {
	};
	objectVersion = 50;
	objects = {

/* Begin PBXBuildFile section */
		397DC30822C235090034AEB9 /* AppDelegate.swift in Sources */ = {isa = PBXBuildFile; fileRef = 397DC30722C235090034AEB9 /* AppDelegate.swift */; };
		397DC30A22C235090034AEB9 /* ViewController.swift in Sources */ = {isa = PBXBuildFile; fileRef = 397DC30922C235090034AEB9 /* ViewController.swift */; };
		397DC30D22C235090034AEB9 /* Main.storyboard in Resources */ = {isa = PBXBuildFile; fileRef = 397DC30B22C235090034AEB9 /* Main.storyboard */; };
		397DC30F22C2350A0034AEB9 /* Assets.xcassets in Resources */ = {isa = PBXBuildFile; fileRef = 397DC30E22C2350A0034AEB9 /* Assets.xcassets */; };
		397DC31222C2350A0034AEB9 /* LaunchScreen.storyboard in Resources */ = {isa = PBXBuildFile; fileRef = 397DC31022C2350A0034AEB9 /* LaunchScreen.storyboard */; };
		39C5C3F323D5C9E400B9FC78 /* MainControllerViewController.swift in Sources */ = {isa = PBXBuildFile; fileRef = 39C5C3F223D5C9E400B9FC78 /* MainControllerViewController.swift */; };
		39C5C3F523D6120E00B9FC78 /* CustomHomeNavBar.swift in Sources */ = {isa = PBXBuildFile; fileRef = 39C5C3F423D6120E00B9FC78 /* CustomHomeNavBar.swift */; };
		39C5C3F723D74D8500B9FC78 /* Utils.swift in Sources */ = {isa = PBXBuildFile; fileRef = 39C5C3F623D74D8500B9FC78 /* Utils.swift */; };
		39C5C3FB23D7573C00B9FC78 /* BuenosAiresWeb-Light.ttf in Resources */ = {isa = PBXBuildFile; fileRef = 39C5C3F923D7573C00B9FC78 /* BuenosAiresWeb-Light.ttf */; };
		39C5C3FC23D7573C00B9FC78 /* BuenosAiresWeb-Bold.ttf in Resources */ = {isa = PBXBuildFile; fileRef = 39C5C3FA23D7573C00B9FC78 /* BuenosAiresWeb-Bold.ttf */; };
		39C5C41C23D84ACD00B9FC78 /* RecentEventsTableViewCell.swift in Sources */ = {isa = PBXBuildFile; fileRef = 39C5C41B23D84ACD00B9FC78 /* RecentEventsTableViewCell.swift */; };
		39C5C41E23D859FE00B9FC78 /* Extensions.swift in Sources */ = {isa = PBXBuildFile; fileRef = 39C5C41D23D859FE00B9FC78 /* Extensions.swift */; };
		66389650DDC37441EDF050D6 /* Pods_iParish.framework in Frameworks */ = {isa = PBXBuildFile; fileRef = 7A00542158849E6C49B6121C /* Pods_iParish.framework */; };
/* End PBXBuildFile section */

/* Begin PBXFileReference section */
		397DC30422C235090034AEB9 /* iParish.app */ = {isa = PBXFileReference; explicitFileType = wrapper.application; includeInIndex = 0; path = iParish.app; sourceTree = BUILT_PRODUCTS_DIR; };
		397DC30722C235090034AEB9 /* AppDelegate.swift */ = {isa = PBXFileReference; lastKnownFileType = sourcecode.swift; path = AppDelegate.swift; sourceTree = "<group>"; };
		397DC30922C235090034AEB9 /* ViewController.swift */ = {isa = PBXFileReference; lastKnownFileType = sourcecode.swift; path = ViewController.swift; sourceTree = "<group>"; };
		397DC30C22C235090034AEB9 /* Base */ = {isa = PBXFileReference; lastKnownFileType = file.storyboard; name = Base; path = Base.lproj/Main.storyboard; sourceTree = "<group>"; };
		397DC30E22C2350A0034AEB9 /* Assets.xcassets */ = {isa = PBXFileReference; lastKnownFileType = folder.assetcatalog; path = Assets.xcassets; sourceTree = "<group>"; };
		397DC31122C2350A0034AEB9 /* Base */ = {isa = PBXFileReference; lastKnownFileType = file.storyboard; name = Base; path = Base.lproj/LaunchScreen.storyboard; sourceTree = "<group>"; };
		397DC31322C2350A0034AEB9 /* Info.plist */ = {isa = PBXFileReference; lastKnownFileType = text.plist.xml; path = Info.plist; sourceTree = "<group>"; };
		39C5C3F223D5C9E400B9FC78 /* MainControllerViewController.swift */ = {isa = PBXFileReference; lastKnownFileType = sourcecode.swift; path = MainControllerViewController.swift; sourceTree = "<group>"; };
		39C5C3F423D6120E00B9FC78 /* CustomHomeNavBar.swift */ = {isa = PBXFileReference; lastKnownFileType = sourcecode.swift; path = CustomHomeNavBar.swift; sourceTree = "<group>"; };
		39C5C3F623D74D8500B9FC78 /* Utils.swift */ = {isa = PBXFileReference; lastKnownFileType = sourcecode.swift; name = Utils.swift; path = iParish/Utils.swift; sourceTree = SOURCE_ROOT; };
		39C5C3F923D7573C00B9FC78 /* BuenosAiresWeb-Light.ttf */ = {isa = PBXFileReference; lastKnownFileType = file; path = "BuenosAiresWeb-Light.ttf"; sourceTree = "<group>"; };
		39C5C3FA23D7573C00B9FC78 /* BuenosAiresWeb-Bold.ttf */ = {isa = PBXFileReference; lastKnownFileType = file; path = "BuenosAiresWeb-Bold.ttf"; sourceTree = "<group>"; };
		39C5C41B23D84ACD00B9FC78 /* RecentEventsTableViewCell.swift */ = {isa = PBXFileReference; lastKnownFileType = sourcecode.swift; path = RecentEventsTableViewCell.swift; sourceTree = "<group>"; };
		39C5C41D23D859FE00B9FC78 /* Extensions.swift */ = {isa = PBXFileReference; lastKnownFileType = sourcecode.swift; path = Extensions.swift; sourceTree = "<group>"; };
		7A00542158849E6C49B6121C /* Pods_iParish.framework */ = {isa = PBXFileReference; explicitFileType = wrapper.framework; includeInIndex = 0; path = Pods_iParish.framework; sourceTree = BUILT_PRODUCTS_DIR; };
		D1F8B2075D05852324C71521 /* Pods-iParish.release.xcconfig */ = {isa = PBXFileReference; includeInIndex = 1; lastKnownFileType = text.xcconfig; name = "Pods-iParish.release.xcconfig"; path = "Pods/Target Support Files/Pods-iParish/Pods-iParish.release.xcconfig"; sourceTree = "<group>"; };
		D6BF0D3613BD80B23C4CD720 /* Pods-iParish.debug.xcconfig */ = {isa = PBXFileReference; includeInIndex = 1; lastKnownFileType = text.xcconfig; name = "Pods-iParish.debug.xcconfig"; path = "Pods/Target Support Files/Pods-iParish/Pods-iParish.debug.xcconfig"; sourceTree = "<group>"; };
/* End PBXFileReference section */

/* Begin PBXFrameworksBuildPhase section */
		397DC30122C235090034AEB9 /* Frameworks */ = {
			isa = PBXFrameworksBuildPhase;
			buildActionMask = 2147483647;
			files = (
				66389650DDC37441EDF050D6 /* Pods_iParish.framework in Frameworks */,
			);
			runOnlyForDeploymentPostprocessing = 0;
		};
/* End PBXFrameworksBuildPhase section */

/* Begin PBXGroup section */
		0387FE7B54CB696E52C11F58 /* Frameworks */ = {
			isa = PBXGroup;
			children = (
				7A00542158849E6C49B6121C /* Pods_iParish.framework */,
			);
			name = Frameworks;
			sourceTree = "<group>";
		};
		397DC2FB22C235090034AEB9 = {
			isa = PBXGroup;
			children = (
				39C5C3FA23D7573C00B9FC78 /* BuenosAiresWeb-Bold.ttf */,
				39C5C3F923D7573C00B9FC78 /* BuenosAiresWeb-Light.ttf */,
				39C5C3F823D7551600B9FC78 /* New Group */,
				39C5C3F123D5AA1100B9FC78 /* New Group1 */,
				397DC30622C235090034AEB9 /* iParish */,
				397DC30522C235090034AEB9 /* Products */,
				C33C2910DD2B17616D17AB6F /* Pods */,
				0387FE7B54CB696E52C11F58 /* Frameworks */,
			);
			sourceTree = "<group>";
		};
		397DC30522C235090034AEB9 /* Products */ = {
			isa = PBXGroup;
			children = (
				397DC30422C235090034AEB9 /* iParish.app */,
			);
			name = Products;
			sourceTree = "<group>";
		};
		397DC30622C235090034AEB9 /* iParish */ = {
			isa = PBXGroup;
			children = (
				39C5C3F023D5AA0600B9FC78 /* New Group */,
				397DC30722C235090034AEB9 /* AppDelegate.swift */,
				397DC30922C235090034AEB9 /* ViewController.swift */,
				397DC30B22C235090034AEB9 /* Main.storyboard */,
				397DC30E22C2350A0034AEB9 /* Assets.xcassets */,
				397DC31022C2350A0034AEB9 /* LaunchScreen.storyboard */,
				397DC31322C2350A0034AEB9 /* Info.plist */,
				39C5C3F223D5C9E400B9FC78 /* MainControllerViewController.swift */,
				39C5C3F423D6120E00B9FC78 /* CustomHomeNavBar.swift */,
				39C5C41B23D84ACD00B9FC78 /* RecentEventsTableViewCell.swift */,
			);
			path = iParish;
			sourceTree = "<group>";
		};
		39C5C3F023D5AA0600B9FC78 /* New Group */ = {
			isa = PBXGroup;
			children = (
				39C5C3F623D74D8500B9FC78 /* Utils.swift */,
				39C5C41D23D859FE00B9FC78 /* Extensions.swift */,
			);
			path = "New Group";
			sourceTree = "<group>";
		};
		39C5C3F123D5AA1100B9FC78 /* New Group1 */ = {
			isa = PBXGroup;
			children = (
			);
			name = "New Group1";
			path = "iParish/New Group1";
			sourceTree = "<group>";
		};
		39C5C3F823D7551600B9FC78 /* New Group */ = {
			isa = PBXGroup;
			children = (
			);
			path = "New Group";
			sourceTree = "<group>";
		};
		C33C2910DD2B17616D17AB6F /* Pods */ = {
			isa = PBXGroup;
			children = (
				D6BF0D3613BD80B23C4CD720 /* Pods-iParish.debug.xcconfig */,
				D1F8B2075D05852324C71521 /* Pods-iParish.release.xcconfig */,
			);
			name = Pods;
			sourceTree = "<group>";
		};
/* End PBXGroup section */

/* Begin PBXNativeTarget section */
		397DC30322C235090034AEB9 /* iParish */ = {
			isa = PBXNativeTarget;
			buildConfigurationList = 397DC31622C2350A0034AEB9 /* Build configuration list for PBXNativeTarget "iParish" */;
			buildPhases = (
				9C09C97C073DB51BD7912FD6 /* [CP] Check Pods Manifest.lock */,
				397DC30022C235090034AEB9 /* Sources */,
				397DC30122C235090034AEB9 /* Frameworks */,
				397DC30222C235090034AEB9 /* Resources */,
			);
			buildRules = (
			);
			dependencies = (
			);
			name = iParish;
			productName = iParish;
			productReference = 397DC30422C235090034AEB9 /* iParish.app */;
			productType = "com.apple.product-type.application";
		};
/* End PBXNativeTarget section */

/* Begin PBXProject section */
		397DC2FC22C235090034AEB9 /* Project object */ = {
			isa = PBXProject;
			attributes = {
				LastSwiftUpdateCheck = 1020;
				LastUpgradeCheck = 1020;
				ORGANIZATIONNAME = "Valentine Ofili";
				TargetAttributes = {
					397DC30322C235090034AEB9 = {
						CreatedOnToolsVersion = 10.2.1;
					};
				};
			};
			buildConfigurationList = 397DC2FF22C235090034AEB9 /* Build configuration list for PBXProject "iParish" */;
			compatibilityVersion = "Xcode 9.3";
			developmentRegion = en;
			hasScannedForEncodings = 0;
			knownRegions = (
				en,
				Base,
			);
			mainGroup = 397DC2FB22C235090034AEB9;
			productRefGroup = 397DC30522C235090034AEB9 /* Products */;
			projectDirPath = "";
			projectRoot = "";
			targets = (
				397DC30322C235090034AEB9 /* iParish */,
			);
		};
/* End PBXProject section */

/* Begin PBXResourcesBuildPhase section */
		397DC30222C235090034AEB9 /* Resources */ = {
			isa = PBXResourcesBuildPhase;
			buildActionMask = 2147483647;
			files = (
				397DC31222C2350A0034AEB9 /* LaunchScreen.storyboard in Resources */,
				39C5C3FC23D7573C00B9FC78 /* BuenosAiresWeb-Bold.ttf in Resources */,
				397DC30F22C2350A0034AEB9 /* Assets.xcassets in Resources */,
				397DC30D22C235090034AEB9 /* Main.storyboard in Resources */,
				39C5C3FB23D7573C00B9FC78 /* BuenosAiresWeb-Light.ttf in Resources */,
			);
			runOnlyForDeploymentPostprocessing = 0;
		};
/* End PBXResourcesBuildPhase section */

/* Begin PBXShellScriptBuildPhase section */
		9C09C97C073DB51BD7912FD6 /* [CP] Check Pods Manifest.lock */ = {
			isa = PBXShellScriptBuildPhase;
			buildActionMask = 2147483647;
			files = (
			);
			inputPaths = (
				"${PODS_PODFILE_DIR_PATH}/Podfile.lock",
				"${PODS_ROOT}/Manifest.lock",
			);
			name = "[CP] Check Pods Manifest.lock";
			outputPaths = (
				"$(DERIVED_FILE_DIR)/Pods-iParish-checkManifestLockResult.txt",
			);
			runOnlyForDeploymentPostprocessing = 0;
			shellPath = /bin/sh;
			shellScript = "diff \"${PODS_PODFILE_DIR_PATH}/Podfile.lock\" \"${PODS_ROOT}/Manifest.lock\" > /dev/null\nif [ $? != 0 ] ; then\n    # print error to STDERR\n    echo \"error: The sandbox is not in sync with the Podfile.lock. Run 'pod install' or update your CocoaPods installation.\" >&2\n    exit 1\nfi\n# This output is used by Xcode 'outputs' to avoid re-running this script phase.\necho \"SUCCESS\" > \"${SCRIPT_OUTPUT_FILE_0}\"\n";
			showEnvVarsInLog = 0;
		};
/* End PBXShellScriptBuildPhase section */

/* Begin PBXSourcesBuildPhase section */
		397DC30022C235090034AEB9 /* Sources */ = {
			isa = PBXSourcesBuildPhase;
			buildActionMask = 2147483647;
			files = (
				39C5C3F723D74D8500B9FC78 /* Utils.swift in Sources */,
				397DC30A22C235090034AEB9 /* ViewController.swift in Sources */,
				39C5C3F323D5C9E400B9FC78 /* MainControllerViewController.swift in Sources */,
				39C5C41C23D84ACD00B9FC78 /* RecentEventsTableViewCell.swift in Sources */,
				397DC30822C235090034AEB9 /* AppDelegate.swift in Sources */,
				39C5C3F523D6120E00B9FC78 /* CustomHomeNavBar.swift in Sources */,
				39C5C41E23D859FE00B9FC78 /* Extensions.swift in Sources */,
			);
			runOnlyForDeploymentPostprocessing = 0;
		};
/* End PBXSourcesBuildPhase section */

/* Begin PBXVariantGroup section */
		397DC30B22C235090034AEB9 /* Main.storyboard */ = {
			isa = PBXVariantGroup;
			children = (
				397DC30C22C235090034AEB9 /* Base */,
			);
			name = Main.storyboard;
			sourceTree = "<group>";
		};
		397DC31022C2350A0034AEB9 /* LaunchScreen.storyboard */ = {
			isa = PBXVariantGroup;
			children = (
				397DC31122C2350A0034AEB9 /* Base */,
			);
			name = LaunchScreen.storyboard;
			sourceTree = "<group>";
		};
/* End PBXVariantGroup section */

/* Begin XCBuildConfiguration section */
		397DC31422C2350A0034AEB9 /* Debug */ = {
			isa = XCBuildConfiguration;
			buildSettings = {
				ALWAYS_SEARCH_USER_PATHS = NO;
				CLANG_ANALYZER_NONNULL = YES;
				CLANG_ANALYZER_NUMBER_OBJECT_CONVERSION = YES_AGGRESSIVE;
				CLANG_CXX_LANGUAGE_STANDARD = "gnu++14";
				CLANG_CXX_LIBRARY = "libc++";
				CLANG_ENABLE_MODULES = YES;
				CLANG_ENABLE_OBJC_ARC = YES;
				CLANG_ENABLE_OBJC_WEAK = YES;
				CLANG_WARN_BLOCK_CAPTURE_AUTORELEASING = YES;
				CLANG_WARN_BOOL_CONVERSION = YES;
				CLANG_WARN_COMMA = YES;
				CLANG_WARN_CONSTANT_CONVERSION = YES;
				CLANG_WARN_DEPRECATED_OBJC_IMPLEMENTATIONS = YES;
				CLANG_WARN_DIRECT_OBJC_ISA_USAGE = YES_ERROR;
				CLANG_WARN_DOCUMENTATION_COMMENTS = YES;
				CLANG_WARN_EMPTY_BODY = YES;
				CLANG_WARN_ENUM_CONVERSION = YES;
				CLANG_WARN_INFINITE_RECURSION = YES;
				CLANG_WARN_INT_CONVERSION = YES;
				CLANG_WARN_NON_LITERAL_NULL_CONVERSION = YES;
				CLANG_WARN_OBJC_IMPLICIT_RETAIN_SELF = YES;
				CLANG_WARN_OBJC_LITERAL_CONVERSION = YES;
				CLANG_WARN_OBJC_ROOT_CLASS = YES_ERROR;
				CLANG_WARN_RANGE_LOOP_ANALYSIS = YES;
				CLANG_WARN_STRICT_PROTOTYPES = YES;
				CLANG_WARN_SUSPICIOUS_MOVE = YES;
				CLANG_WARN_UNGUARDED_AVAILABILITY = YES_AGGRESSIVE;
				CLANG_WARN_UNREACHABLE_CODE = YES;
				CLANG_WARN__DUPLICATE_METHOD_MATCH = YES;
				CODE_SIGN_IDENTITY = "iPhone Developer";
				COPY_PHASE_STRIP = NO;
				DEBUG_INFORMATION_FORMAT = dwarf;
				ENABLE_STRICT_OBJC_MSGSEND = YES;
				ENABLE_TESTABILITY = YES;
				GCC_C_LANGUAGE_STANDARD = gnu11;
				GCC_DYNAMIC_NO_PIC = NO;
				GCC_NO_COMMON_BLOCKS = YES;
				GCC_OPTIMIZATION_LEVEL = 0;
				GCC_PREPROCESSOR_DEFINITIONS = (
					"DEBUG=1",
					"$(inherited)",
				);
				GCC_WARN_64_TO_32_BIT_CONVERSION = YES;
				GCC_WARN_ABOUT_RETURN_TYPE = YES_ERROR;
				GCC_WARN_UNDECLARED_SELECTOR = YES;
				GCC_WARN_UNINITIALIZED_AUTOS = YES_AGGRESSIVE;
				GCC_WARN_UNUSED_FUNCTION = YES;
				GCC_WARN_UNUSED_VARIABLE = YES;
				IPHONEOS_DEPLOYMENT_TARGET = 12.2;
				MTL_ENABLE_DEBUG_INFO = INCLUDE_SOURCE;
				MTL_FAST_MATH = YES;
				ONLY_ACTIVE_ARCH = YES;
				SDKROOT = iphoneos;
				SWIFT_ACTIVE_COMPILATION_CONDITIONS = DEBUG;
				SWIFT_OPTIMIZATION_LEVEL = "-Onone";
			};
			name = Debug;
		};
		397DC31522C2350A0034AEB9 /* Release */ = {
			isa = XCBuildConfiguration;
			buildSettings = {
				ALWAYS_SEARCH_USER_PATHS = NO;
				CLANG_ANALYZER_NONNULL = YES;
				CLANG_ANALYZER_NUMBER_OBJECT_CONVERSION = YES_AGGRESSIVE;
				CLANG_CXX_LANGUAGE_STANDARD = "gnu++14";
				CLANG_CXX_LIBRARY = "libc++";
				CLANG_ENABLE_MODULES = YES;
				CLANG_ENABLE_OBJC_ARC = YES;
				CLANG_ENABLE_OBJC_WEAK = YES;
				CLANG_WARN_BLOCK_CAPTURE_AUTORELEASING = YES;
				CLANG_WARN_BOOL_CONVERSION = YES;
				CLANG_WARN_COMMA = YES;
				CLANG_WARN_CONSTANT_CONVERSION = YES;
				CLANG_WARN_DEPRECATED_OBJC_IMPLEMENTATIONS = YES;
				CLANG_WARN_DIRECT_OBJC_ISA_USAGE = YES_ERROR;
				CLANG_WARN_DOCUMENTATION_COMMENTS = YES;
				CLANG_WARN_EMPTY_BODY = YES;
				CLANG_WARN_ENUM_CONVERSION = YES;
				CLANG_WARN_INFINITE_RECURSION = YES;
				CLANG_WARN_INT_CONVERSION = YES;
				CLANG_WARN_NON_LITERAL_NULL_CONVERSION = YES;
				CLANG_WARN_OBJC_IMPLICIT_RETAIN_SELF = YES;
				CLANG_WARN_OBJC_LITERAL_CONVERSION = YES;
				CLANG_WARN_OBJC_ROOT_CLASS = YES_ERROR;
				CLANG_WARN_RANGE_LOOP_ANALYSIS = YES;
				CLANG_WARN_STRICT_PROTOTYPES = YES;
				CLANG_WARN_SUSPICIOUS_MOVE = YES;
				CLANG_WARN_UNGUARDED_AVAILABILITY = YES_AGGRESSIVE;
				CLANG_WARN_UNREACHABLE_CODE = YES;
				CLANG_WARN__DUPLICATE_METHOD_MATCH = YES;
				CODE_SIGN_IDENTITY = "iPhone Developer";
				COPY_PHASE_STRIP = NO;
				DEBUG_INFORMATION_FORMAT = "dwarf-with-dsym";
				ENABLE_NS_ASSERTIONS = NO;
				ENABLE_STRICT_OBJC_MSGSEND = YES;
				GCC_C_LANGUAGE_STANDARD = gnu11;
				GCC_NO_COMMON_BLOCKS = YES;
				GCC_WARN_64_TO_32_BIT_CONVERSION = YES;
				GCC_WARN_ABOUT_RETURN_TYPE = YES_ERROR;
				GCC_WARN_UNDECLARED_SELECTOR = YES;
				GCC_WARN_UNINITIALIZED_AUTOS = YES_AGGRESSIVE;
				GCC_WARN_UNUSED_FUNCTION = YES;
				GCC_WARN_UNUSED_VARIABLE = YES;
				IPHONEOS_DEPLOYMENT_TARGET = 12.2;
				MTL_ENABLE_DEBUG_INFO = NO;
				MTL_FAST_MATH = YES;
				SDKROOT = iphoneos;
				SWIFT_COMPILATION_MODE = wholemodule;
				SWIFT_OPTIMIZATION_LEVEL = "-O";
				VALIDATE_PRODUCT = YES;
			};
			name = Release;
		};
		397DC31722C2350A0034AEB9 /* Debug */ = {
			isa = XCBuildConfiguration;
			baseConfigurationReference = D6BF0D3613BD80B23C4CD720 /* Pods-iParish.debug.xcconfig */;
			buildSettings = {
				ASSETCATALOG_COMPILER_APPICON_NAME = AppIcon;
				CODE_SIGN_STYLE = Automatic;
				DEVELOPMENT_TEAM = 8KJ2TPG3HM;
				INFOPLIST_FILE = iParish/Info.plist;
				LD_RUNPATH_SEARCH_PATHS = (
					"$(inherited)",
					"@executable_path/Frameworks",
				);
				PRODUCT_BUNDLE_IDENTIFIER = com.valbase365.iparish;
				PRODUCT_NAME = "$(TARGET_NAME)";
				SWIFT_VERSION = 5.0;
				TARGETED_DEVICE_FAMILY = "1,2";
			};
			name = Debug;
		};
		397DC31822C2350A0034AEB9 /* Release */ = {
			isa = XCBuildConfiguration;
			baseConfigurationReference = D1F8B2075D05852324C71521 /* Pods-iParish.release.xcconfig */;
			buildSettings = {
				ASSETCATALOG_COMPILER_APPICON_NAME = AppIcon;
				CODE_SIGN_STYLE = Automatic;
				DEVELOPMENT_TEAM = 8KJ2TPG3HM;
				INFOPLIST_FILE = iParish/Info.plist;
				LD_RUNPATH_SEARCH_PATHS = (
					"$(inherited)",
					"@executable_path/Frameworks",
				);
				PRODUCT_BUNDLE_IDENTIFIER = com.valbase365.iparish;
				PRODUCT_NAME = "$(TARGET_NAME)";
				SWIFT_VERSION = 5.0;
				TARGETED_DEVICE_FAMILY = "1,2";
			};
			name = Release;
		};
/* End XCBuildConfiguration section */

/* Begin XCConfigurationList section */
		397DC2FF22C235090034AEB9 /* Build configuration list for PBXProject "iParish" */ = {
			isa = XCConfigurationList;
			buildConfigurations = (
				397DC31422C2350A0034AEB9 /* Debug */,
				397DC31522C2350A0034AEB9 /* Release */,
			);
			defaultConfigurationIsVisible = 0;
			defaultConfigurationName = Release;
		};
		397DC31622C2350A0034AEB9 /* Build configuration list for PBXNativeTarget "iParish" */ = {
			isa = XCConfigurationList;
			buildConfigurations = (
				397DC31722C2350A0034AEB9 /* Debug */,
				397DC31822C2350A0034AEB9 /* Release */,
			);
			defaultConfigurationIsVisible = 0;
			defaultConfigurationName = Release;
		};
/* End XCConfigurationList section */
	};
	rootObject = 397DC2FC22C235090034AEB9 /* Project object */;
}
